
Microsoft Visual Studio Solution File, Format Version 12.00
# Visual Studio Version 17
VisualStudioVersion = 17.11.35303.130
MinimumVisualStudioVersion = 10.0.40219.1
Project("{FAE04EC0-301F-11D3-BF4B-00C04F79EFBC}") = "AvtotestString", "AvtotestString\AvtotestString.csproj", "{A4BC7121-E650-4274-B703-43FF6B54B6E4}"
EndProject
Project("{FAE04EC0-301F-11D3-BF4B-00C04F79EFBC}") = "AvtotestStringTests", "AvtotestStringTests\AvtotestStringTests.csproj", "{763F95E1-E9C5-4843-959D-5FB9B9641B0C}"
EndProject
Global
	GlobalSection(SolutionConfigurationPlatforms) = preSolution
		Debug|Any CPU = Debug|Any CPU
		Release|Any CPU = Release|Any CPU
	EndGlobalSection
	GlobalSection(ProjectConfigurationPlatforms) = postSolution
		{A4BC7121-E650-4274-B703-43FF6B54B6E4}.Debug|Any CPU.ActiveCfg = Debug|Any CPU
		{A4BC7121-E650-4274-B703-43FF6B54B6E4}.Debug|Any CPU.Build.0 = Debug|Any CPU
		{A4BC7121-E650-4274-B703-43FF6B54B6E4}.Release|Any CPU.ActiveCfg = Release|Any CPU
		{A4BC7121-E650-4274-B703-43FF6B54B6E4}.Release|Any CPU.Build.0 = Release|Any CPU
		{763F95E1-E9C5-4843-959D-5FB9B9641B0C}.Debug|Any CPU.ActiveCfg = Debug|Any CPU
		{763F95E1-E9C5-4843-959D-5FB9B9641B0C}.Debug|Any CPU.Build.0 = Debug|Any CPU
		{763F95E1-E9C5-4843-959D-5FB9B9641B0C}.Release|Any CPU.ActiveCfg = Release|Any CPU
		{763F95E1-E9C5-4843-959D-5FB9B9641B0C}.Release|Any CPU.Build.0 = Release|Any CPU
	EndGlobalSection
	GlobalSection(SolutionProperties) = preSolution
		HideSolutionNode = FALSE
	EndGlobalSection
	GlobalSection(ExtensibilityGlobals) = postSolution
		SolutionGuid = {50CD043B-F7D7-45F3-B63B-F18C61187C3F}
	EndGlobalSection
EndGlobal
